{
  "name": "test",
  "version": "1.0.0",
  "lockfileVersion": 3,
  "requires": true,
  "packages": {
    "": {
      "name": "test",
      "version": "1.0.0",
      "license": "ISC",
      "dependencies": {
        "ujjwalcalc": "^1.0.0"
      }
    },
    "node_modules/ujjwalcalc": {
      "version": "1.0.0",
      "resolved": "https://registry.npmjs.org/ujjwalcalc/-/ujjwalcalc-1.0.0.tgz",
      "integrity": "sha512-Dd2WmV6zNae8cUQXeqCHT0ZLfEHJvn69rNG231+a7P4FDO6BRLQcZ2bLLKFoX1FzZ3VT4KurvLMxxMb+PTHEmg=="
    }
  }
}
